
Microsoft Visual Studio Solution File, Format Version 12.00
# Visual Studio Version 17
VisualStudioVersion = 17.7.34009.444
MinimumVisualStudioVersion = 10.0.40219.1
Project("{FAE04EC0-301F-11D3-BF4B-00C04F79EFBC}") = "E-Commerce", "E-Commerce\E-Commerce.csproj", "{A796E6A5-2D71-4E46-AE41-A08BF5B93D25}"
EndProject
Global
	GlobalSection(SolutionConfigurationPlatforms) = preSolution
		Debug|Any CPU = Debug|Any CPU
		Release|Any CPU = Release|Any CPU
	EndGlobalSection
	GlobalSection(ProjectConfigurationPlatforms) = postSolution
		{A796E6A5-2D71-4E46-AE41-A08BF5B93D25}.Debug|Any CPU.ActiveCfg = Debug|Any CPU
		{A796E6A5-2D71-4E46-AE41-A08BF5B93D25}.Debug|Any CPU.Build.0 = Debug|Any CPU
		{A796E6A5-2D71-4E46-AE41-A08BF5B93D25}.Release|Any CPU.ActiveCfg = Release|Any CPU
		{A796E6A5-2D71-4E46-AE41-A08BF5B93D25}.Release|Any CPU.Build.0 = Release|Any CPU
	EndGlobalSection
	GlobalSection(SolutionProperties) = preSolution
		HideSolutionNode = FALSE
	EndGlobalSection
	GlobalSection(ExtensibilityGlobals) = postSolution
		SolutionGuid = {C2077991-5B1E-426F-A397-90F269E66E11}
	EndGlobalSection
EndGlobal
